
Microsoft Visual Studio Solution File, Format Version 12.00
# Visual Studio Version 16
VisualStudioVersion = 16.0.33529.622
MinimumVisualStudioVersion = 10.0.40219.1
Project("{888888A0-9F3D-457C-B088-3A5042F75D52}") = "PyTorch", "PyTorch\PyTorch.pyproj", "{80F882CD-92F0-42A6-8A49-C9C7B591D7F1}"
EndProject
Global
	GlobalSection(SolutionConfigurationPlatforms) = preSolution
		Debug|Any CPU = Debug|Any CPU
		Release|Any CPU = Release|Any CPU
	EndGlobalSection
	GlobalSection(ProjectConfigurationPlatforms) = postSolution
		{80F882CD-92F0-42A6-8A49-C9C7B591D7F1}.Debug|Any CPU.ActiveCfg = Debug|Any CPU
		{80F882CD-92F0-42A6-8A49-C9C7B591D7F1}.Release|Any CPU.ActiveCfg = Release|Any CPU
	EndGlobalSection
	GlobalSection(SolutionProperties) = preSolution
		HideSolutionNode = FALSE
	EndGlobalSection
	GlobalSection(ExtensibilityGlobals) = postSolution
		SolutionGuid = {29D26982-3692-489E-AA84-C7A19D3CB827}
	EndGlobalSection
EndGlobal
